// !$*UTF8*$!
{
	archiveVersion = 1;
	classes = {
	};
	objectVersion = 50;
	objects = {

/* Begin PBXBuildFile section */
		D95164F126C4660A006687C9 /* Configuration.swift in Sources */ = {isa = PBXBuildFile; fileRef = D95164F026C4660A006687C9 /* Configuration.swift */; };
		D96A4A0126C4ABD600B4DCB7 /* String+Localized.swift in Sources */ = {isa = PBXBuildFile; fileRef = D96A4A0026C4ABD600B4DCB7 /* String+Localized.swift */; };
		D96A4A0626C4AE0600B4DCB7 /* Localizable.strings in Resources */ = {isa = PBXBuildFile; fileRef = D96A4A0826C4AE0600B4DCB7 /* Localizable.strings */; };
		D986AD5A26C15C50002B85D2 /* AppDelegate.swift in Sources */ = {isa = PBXBuildFile; fileRef = D986AD5926C15C50002B85D2 /* AppDelegate.swift */; };
		D986AD5C26C15C50002B85D2 /* SceneDelegate.swift in Sources */ = {isa = PBXBuildFile; fileRef = D986AD5B26C15C50002B85D2 /* SceneDelegate.swift */; };
		D986AD5E26C15C50002B85D2 /* OnboardingViewController.swift in Sources */ = {isa = PBXBuildFile; fileRef = D986AD5D26C15C50002B85D2 /* OnboardingViewController.swift */; };
		D986AD6126C15C50002B85D2 /* Onboarding.storyboard in Resources */ = {isa = PBXBuildFile; fileRef = D986AD5F26C15C50002B85D2 /* Onboarding.storyboard */; };
		D986AD6326C15C51002B85D2 /* Assets.xcassets in Resources */ = {isa = PBXBuildFile; fileRef = D986AD6226C15C51002B85D2 /* Assets.xcassets */; };
		D986AD6626C15C51002B85D2 /* LaunchScreen.storyboard in Resources */ = {isa = PBXBuildFile; fileRef = D986AD6426C15C51002B85D2 /* LaunchScreen.storyboard */; };
		D986AD7126C15C52002B85D2 /* OnboardingTests.swift in Sources */ = {isa = PBXBuildFile; fileRef = D986AD7026C15C52002B85D2 /* OnboardingTests.swift */; };
		D986AD7C26C15C52002B85D2 /* NewsAppUITests.swift in Sources */ = {isa = PBXBuildFile; fileRef = D986AD7B26C15C52002B85D2 /* NewsAppUITests.swift */; };
		D986AD8C26C19501002B85D2 /* Dashboard.storyboard in Resources */ = {isa = PBXBuildFile; fileRef = D986AD8B26C19501002B85D2 /* Dashboard.storyboard */; };
		D986AD8E26C1950E002B85D2 /* DashboardViewController.swift in Sources */ = {isa = PBXBuildFile; fileRef = D986AD8D26C1950E002B85D2 /* DashboardViewController.swift */; };
		D986AD9126C19680002B85D2 /* NewsModel.swift in Sources */ = {isa = PBXBuildFile; fileRef = D986AD9026C19680002B85D2 /* NewsModel.swift */; };
		D986AD9426C19B33002B85D2 /* RequestConstants.swift in Sources */ = {isa = PBXBuildFile; fileRef = D986AD9326C19B33002B85D2 /* RequestConstants.swift */; };
		D986AD9926C1B9BF002B85D2 /* ArticleCell.xib in Resources */ = {isa = PBXBuildFile; fileRef = D986AD9826C1B9BF002B85D2 /* ArticleCell.xib */; };
		D986AD9B26C1B9C5002B85D2 /* ArticleCell.swift in Sources */ = {isa = PBXBuildFile; fileRef = D986AD9A26C1B9C5002B85D2 /* ArticleCell.swift */; };
		D986AD9D26C1BA0A002B85D2 /* DashboardViewController+TableView.swift in Sources */ = {isa = PBXBuildFile; fileRef = D986AD9C26C1BA0A002B85D2 /* DashboardViewController+TableView.swift */; };
		D986ADA826C1E7C1002B85D2 /* Main.storyboard in Resources */ = {isa = PBXBuildFile; fileRef = D986ADA726C1E7C1002B85D2 /* Main.storyboard */; };
		D986ADAA26C1E7D9002B85D2 /* MainViewController.swift in Sources */ = {isa = PBXBuildFile; fileRef = D986ADA926C1E7D9002B85D2 /* MainViewController.swift */; };
		D986ADB026C1EC38002B85D2 /* UserDefaults+Preferences.swift in Sources */ = {isa = PBXBuildFile; fileRef = D986ADAF26C1EC38002B85D2 /* UserDefaults+Preferences.swift */; };
		D986ADB426C1F747002B85D2 /* CategoryView.swift in Sources */ = {isa = PBXBuildFile; fileRef = D986ADB326C1F747002B85D2 /* CategoryView.swift */; };
		D986ADB626C1F74C002B85D2 /* CategoryView.xib in Resources */ = {isa = PBXBuildFile; fileRef = D986ADB526C1F74C002B85D2 /* CategoryView.xib */; };
		D986ADB826C1F9AE002B85D2 /* CategoryViewDelegate.swift in Sources */ = {isa = PBXBuildFile; fileRef = D986ADB726C1F9AE002B85D2 /* CategoryViewDelegate.swift */; };
		D986ADBA26C1FB58002B85D2 /* OnboardingViewController+CountryTextField.swift in Sources */ = {isa = PBXBuildFile; fileRef = D986ADB926C1FB58002B85D2 /* OnboardingViewController+CountryTextField.swift */; };
		D9C4CC5326C2B97100CC519F /* ArticleCellDelegate.swift in Sources */ = {isa = PBXBuildFile; fileRef = D9C4CC5226C2B97100CC519F /* ArticleCellDelegate.swift */; };
		D9C4CC5626C2F33B00CC519F /* BottomItemView.swift in Sources */ = {isa = PBXBuildFile; fileRef = D9C4CC5526C2F33B00CC519F /* BottomItemView.swift */; };
		D9C4CC5826C2F34200CC519F /* BottomItemView.xib in Resources */ = {isa = PBXBuildFile; fileRef = D9C4CC5726C2F34200CC519F /* BottomItemView.xib */; };
		D9FA5E7926C318D0007D92E4 /* DashboardMode.swift in Sources */ = {isa = PBXBuildFile; fileRef = D9FA5E7826C318D0007D92E4 /* DashboardMode.swift */; };
		D9FA5E7E26C323CE007D92E4 /* LocalResponse.json in Resources */ = {isa = PBXBuildFile; fileRef = D9FA5E7D26C323CE007D92E4 /* LocalResponse.json */; };
		D9FA5E8026C32805007D92E4 /* DashboardViewController+SearchBar.swift in Sources */ = {isa = PBXBuildFile; fileRef = D9FA5E7F26C32805007D92E4 /* DashboardViewController+SearchBar.swift */; };
		D9FA5E8226C32B77007D92E4 /* Network.swift in Sources */ = {isa = PBXBuildFile; fileRef = D9FA5E8126C32B77007D92E4 /* Network.swift */; };
		D9FA5E8426C32BCA007D92E4 /* UIViewController+hideKeyboardWhenTappedAround.swift in Sources */ = {isa = PBXBuildFile; fileRef = D9FA5E8326C32BCA007D92E4 /* UIViewController+hideKeyboardWhenTappedAround.swift */; };
		D9FA5E8626C34B76007D92E4 /* Date+DifferenceFormat.swift in Sources */ = {isa = PBXBuildFile; fileRef = D9FA5E8526C34B76007D92E4 /* Date+DifferenceFormat.swift */; };
/* End PBXBuildFile section */

/* Begin PBXContainerItemProxy section */
		D986AD6D26C15C52002B85D2 /* PBXContainerItemProxy */ = {
			isa = PBXContainerItemProxy;
			containerPortal = D986AD4E26C15C50002B85D2 /* Project object */;
			proxyType = 1;
			remoteGlobalIDString = D986AD5526C15C50002B85D2;
			remoteInfo = NewsApp;
		};
		D986AD7826C15C52002B85D2 /* PBXContainerItemProxy */ = {
			isa = PBXContainerItemProxy;
			containerPortal = D986AD4E26C15C50002B85D2 /* Project object */;
			proxyType = 1;
			remoteGlobalIDString = D986AD5526C15C50002B85D2;
			remoteInfo = NewsApp;
		};
/* End PBXContainerItemProxy section */

/* Begin PBXFileReference section */
		D95164F026C4660A006687C9 /* Configuration.swift */ = {isa = PBXFileReference; lastKnownFileType = sourcecode.swift; path = Configuration.swift; sourceTree = "<group>"; };
		D96A49FD26C4A93700B4DCB7 /* ar */ = {isa = PBXFileReference; lastKnownFileType = text.plist.strings; name = ar; path = ar.lproj/Onboarding.strings; sourceTree = "<group>"; };
		D96A49FE26C4A96500B4DCB7 /* ar */ = {isa = PBXFileReference; lastKnownFileType = text.plist.strings; name = ar; path = ar.lproj/LaunchScreen.strings; sourceTree = "<group>"; };
		D96A4A0026C4ABD600B4DCB7 /* String+Localized.swift */ = {isa = PBXFileReference; lastKnownFileType = sourcecode.swift; path = "String+Localized.swift"; sourceTree = "<group>"; };
		D96A4A0726C4AE0600B4DCB7 /* en */ = {isa = PBXFileReference; lastKnownFileType = text.plist.strings; name = en; path = en.lproj/Localizable.strings; sourceTree = "<group>"; };
		D96A4A0926C4AE0B00B4DCB7 /* ar */ = {isa = PBXFileReference; lastKnownFileType = text.plist.strings; name = ar; path = ar.lproj/Localizable.strings; sourceTree = "<group>"; };
		D986AD5626C15C50002B85D2 /* NewsApp.app */ = {isa = PBXFileReference; explicitFileType = wrapper.application; includeInIndex = 0; path = NewsApp.app; sourceTree = BUILT_PRODUCTS_DIR; };
		D986AD5926C15C50002B85D2 /* AppDelegate.swift */ = {isa = PBXFileReference; lastKnownFileType = sourcecode.swift; path = AppDelegate.swift; sourceTree = "<group>"; };
		D986AD5B26C15C50002B85D2 /* SceneDelegate.swift */ = {isa = PBXFileReference; lastKnownFileType = sourcecode.swift; path = SceneDelegate.swift; sourceTree = "<group>"; };
		D986AD5D26C15C50002B85D2 /* OnboardingViewController.swift */ = {isa = PBXFileReference; lastKnownFileType = sourcecode.swift; path = OnboardingViewController.swift; sourceTree = "<group>"; };
		D986AD6026C15C50002B85D2 /* Base */ = {isa = PBXFileReference; lastKnownFileType = file.storyboard; name = Base; path = Base.lproj/Onboarding.storyboard; sourceTree = "<group>"; };
		D986AD6226C15C51002B85D2 /* Assets.xcassets */ = {isa = PBXFileReference; lastKnownFileType = folder.assetcatalog; path = Assets.xcassets; sourceTree = "<group>"; };
		D986AD6526C15C51002B85D2 /* Base */ = {isa = PBXFileReference; lastKnownFileType = file.storyboard; name = Base; path = Base.lproj/LaunchScreen.storyboard; sourceTree = "<group>"; };
		D986AD6726C15C51002B85D2 /* Info.plist */ = {isa = PBXFileReference; lastKnownFileType = text.plist.xml; path = Info.plist; sourceTree = "<group>"; };
		D986AD6C26C15C52002B85D2 /* NewsAppTests.xctest */ = {isa = PBXFileReference; explicitFileType = wrapper.cfbundle; includeInIndex = 0; path = NewsAppTests.xctest; sourceTree = BUILT_PRODUCTS_DIR; };
		D986AD7026C15C52002B85D2 /* OnboardingTests.swift */ = {isa = PBXFileReference; lastKnownFileType = sourcecode.swift; path = OnboardingTests.swift; sourceTree = "<group>"; };
		D986AD7226C15C52002B85D2 /* Info.plist */ = {isa = PBXFileReference; lastKnownFileType = text.plist.xml; path = Info.plist; sourceTree = "<group>"; };
		D986AD7726C15C52002B85D2 /* NewsAppUITests.xctest */ = {isa = PBXFileReference; explicitFileType = wrapper.cfbundle; includeInIndex = 0; path = NewsAppUITests.xctest; sourceTree = BUILT_PRODUCTS_DIR; };
		D986AD7B26C15C52002B85D2 /* NewsAppUITests.swift */ = {isa = PBXFileReference; lastKnownFileType = sourcecode.swift; path = NewsAppUITests.swift; sourceTree = "<group>"; };
		D986AD7D26C15C52002B85D2 /* Info.plist */ = {isa = PBXFileReference; lastKnownFileType = text.plist.xml; path = Info.plist; sourceTree = "<group>"; };
		D986AD8B26C19501002B85D2 /* Dashboard.storyboard */ = {isa = PBXFileReference; lastKnownFileType = file.storyboard; path = Dashboard.storyboard; sourceTree = "<group>"; };
		D986AD8D26C1950E002B85D2 /* DashboardViewController.swift */ = {isa = PBXFileReference; lastKnownFileType = sourcecode.swift; path = DashboardViewController.swift; sourceTree = "<group>"; };
		D986AD9026C19680002B85D2 /* NewsModel.swift */ = {isa = PBXFileReference; lastKnownFileType = sourcecode.swift; path = NewsModel.swift; sourceTree = "<group>"; };
		D986AD9326C19B33002B85D2 /* RequestConstants.swift */ = {isa = PBXFileReference; lastKnownFileType = sourcecode.swift; path = RequestConstants.swift; sourceTree = "<group>"; };
		D986AD9826C1B9BF002B85D2 /* ArticleCell.xib */ = {isa = PBXFileReference; lastKnownFileType = file.xib; path = ArticleCell.xib; sourceTree = "<group>"; };
		D986AD9A26C1B9C5002B85D2 /* ArticleCell.swift */ = {isa = PBXFileReference; lastKnownFileType = sourcecode.swift; path = ArticleCell.swift; sourceTree = "<group>"; };
		D986AD9C26C1BA0A002B85D2 /* DashboardViewController+TableView.swift */ = {isa = PBXFileReference; lastKnownFileType = sourcecode.swift; path = "DashboardViewController+TableView.swift"; sourceTree = "<group>"; };
		D986ADA726C1E7C1002B85D2 /* Main.storyboard */ = {isa = PBXFileReference; fileEncoding = 4; lastKnownFileType = file.storyboard; path = Main.storyboard; sourceTree = "<group>"; };
		D986ADA926C1E7D9002B85D2 /* MainViewController.swift */ = {isa = PBXFileReference; lastKnownFileType = sourcecode.swift; path = MainViewController.swift; sourceTree = "<group>"; };
		D986ADAF26C1EC38002B85D2 /* UserDefaults+Preferences.swift */ = {isa = PBXFileReference; lastKnownFileType = sourcecode.swift; path = "UserDefaults+Preferences.swift"; sourceTree = "<group>"; };
		D986ADB326C1F747002B85D2 /* CategoryView.swift */ = {isa = PBXFileReference; lastKnownFileType = sourcecode.swift; path = CategoryView.swift; sourceTree = "<group>"; };
		D986ADB526C1F74C002B85D2 /* CategoryView.xib */ = {isa = PBXFileReference; lastKnownFileType = file.xib; path = CategoryView.xib; sourceTree = "<group>"; };
		D986ADB726C1F9AE002B85D2 /* CategoryViewDelegate.swift */ = {isa = PBXFileReference; lastKnownFileType = sourcecode.swift; path = CategoryViewDelegate.swift; sourceTree = "<group>"; };
		D986ADB926C1FB58002B85D2 /* OnboardingViewController+CountryTextField.swift */ = {isa = PBXFileReference; lastKnownFileType = sourcecode.swift; path = "OnboardingViewController+CountryTextField.swift"; sourceTree = "<group>"; };
		D9C4CC5226C2B97100CC519F /* ArticleCellDelegate.swift */ = {isa = PBXFileReference; lastKnownFileType = sourcecode.swift; path = ArticleCellDelegate.swift; sourceTree = "<group>"; };
		D9C4CC5526C2F33B00CC519F /* BottomItemView.swift */ = {isa = PBXFileReference; lastKnownFileType = sourcecode.swift; path = BottomItemView.swift; sourceTree = "<group>"; };
		D9C4CC5726C2F34200CC519F /* BottomItemView.xib */ = {isa = PBXFileReference; lastKnownFileType = file.xib; path = BottomItemView.xib; sourceTree = "<group>"; };
		D9FA5E7826C318D0007D92E4 /* DashboardMode.swift */ = {isa = PBXFileReference; lastKnownFileType = sourcecode.swift; path = DashboardMode.swift; sourceTree = "<group>"; };
		D9FA5E7D26C323CE007D92E4 /* LocalResponse.json */ = {isa = PBXFileReference; lastKnownFileType = text.json; path = LocalResponse.json; sourceTree = "<group>"; };
		D9FA5E7F26C32805007D92E4 /* DashboardViewController+SearchBar.swift */ = {isa = PBXFileReference; lastKnownFileType = sourcecode.swift; path = "DashboardViewController+SearchBar.swift"; sourceTree = "<group>"; };
		D9FA5E8126C32B77007D92E4 /* Network.swift */ = {isa = PBXFileReference; lastKnownFileType = sourcecode.swift; path = Network.swift; sourceTree = "<group>"; };
		D9FA5E8326C32BCA007D92E4 /* UIViewController+hideKeyboardWhenTappedAround.swift */ = {isa = PBXFileReference; lastKnownFileType = sourcecode.swift; path = "UIViewController+hideKeyboardWhenTappedAround.swift"; sourceTree = "<group>"; };
		D9FA5E8526C34B76007D92E4 /* Date+DifferenceFormat.swift */ = {isa = PBXFileReference; lastKnownFileType = sourcecode.swift; path = "Date+DifferenceFormat.swift"; sourceTree = "<group>"; };
/* End PBXFileReference section */

/* Begin PBXFrameworksBuildPhase section */
		D986AD5326C15C50002B85D2 /* Frameworks */ = {
			isa = PBXFrameworksBuildPhase;
			buildActionMask = 2147483647;
			files = (
			);
			runOnlyForDeploymentPostprocessing = 0;
		};
		D986AD6926C15C52002B85D2 /* Frameworks */ = {
			isa = PBXFrameworksBuildPhase;
			buildActionMask = 2147483647;
			files = (
			);
			runOnlyForDeploymentPostprocessing = 0;
		};
		D986AD7426C15C52002B85D2 /* Frameworks */ = {
			isa = PBXFrameworksBuildPhase;
			buildActionMask = 2147483647;
			files = (
			);
			runOnlyForDeploymentPostprocessing = 0;
		};
/* End PBXFrameworksBuildPhase section */

/* Begin PBXGroup section */
		D96A49FF26C4A98200B4DCB7 /* Localization */ = {
			isa = PBXGroup;
			children = (
				D96A4A0826C4AE0600B4DCB7 /* Localizable.strings */,
			);
			path = Localization;
			sourceTree = "<group>";
		};
		D986AD4D26C15C50002B85D2 = {
			isa = PBXGroup;
			children = (
				D986AD5826C15C50002B85D2 /* NewsApp */,
				D986AD6F26C15C52002B85D2 /* NewsAppTests */,
				D986AD7A26C15C52002B85D2 /* NewsAppUITests */,
				D986AD5726C15C50002B85D2 /* Products */,
			);
			sourceTree = "<group>";
		};
		D986AD5726C15C50002B85D2 /* Products */ = {
			isa = PBXGroup;
			children = (
				D986AD5626C15C50002B85D2 /* NewsApp.app */,
				D986AD6C26C15C52002B85D2 /* NewsAppTests.xctest */,
				D986AD7726C15C52002B85D2 /* NewsAppUITests.xctest */,
			);
			name = Products;
			sourceTree = "<group>";
		};
		D986AD5826C15C50002B85D2 /* NewsApp */ = {
			isa = PBXGroup;
			children = (
				D986AD9226C19B27002B85D2 /* Utils */,
				D986ADAE26C1EC22002B85D2 /* Extensions */,
				D986AD8A26C194E6002B85D2 /* Dashboard */,
				D986AD8926C172ED002B85D2 /* Onboarding */,
				D986AD5926C15C50002B85D2 /* AppDelegate.swift */,
				D986ADA926C1E7D9002B85D2 /* MainViewController.swift */,
				D986ADA726C1E7C1002B85D2 /* Main.storyboard */,
				D986AD5B26C15C50002B85D2 /* SceneDelegate.swift */,
				D9FA5E7D26C323CE007D92E4 /* LocalResponse.json */,
				D986AD6226C15C51002B85D2 /* Assets.xcassets */,
				D96A49FF26C4A98200B4DCB7 /* Localization */,
				D986AD6426C15C51002B85D2 /* LaunchScreen.storyboard */,
				D986AD6726C15C51002B85D2 /* Info.plist */,
			);
			path = NewsApp;
			sourceTree = "<group>";
		};
		D986AD6F26C15C52002B85D2 /* NewsAppTests */ = {
			isa = PBXGroup;
			children = (
				D986AD7026C15C52002B85D2 /* OnboardingTests.swift */,
				D986AD7226C15C52002B85D2 /* Info.plist */,
			);
			path = NewsAppTests;
			sourceTree = "<group>";
		};
		D986AD7A26C15C52002B85D2 /* NewsAppUITests */ = {
			isa = PBXGroup;
			children = (
				D986AD7B26C15C52002B85D2 /* NewsAppUITests.swift */,
				D986AD7D26C15C52002B85D2 /* Info.plist */,
			);
			path = NewsAppUITests;
			sourceTree = "<group>";
		};
		D986AD8926C172ED002B85D2 /* Onboarding */ = {
			isa = PBXGroup;
			children = (
				D986ADB226C1F73A002B85D2 /* Categroy */,
				D986AD5F26C15C50002B85D2 /* Onboarding.storyboard */,
				D986AD5D26C15C50002B85D2 /* OnboardingViewController.swift */,
				D986ADB926C1FB58002B85D2 /* OnboardingViewController+CountryTextField.swift */,
			);
			path = Onboarding;
			sourceTree = "<group>";
		};
		D986AD8A26C194E6002B85D2 /* Dashboard */ = {
			isa = PBXGroup;
			children = (
				D9FA5E7726C318BA007D92E4 /* DashboardMode */,
				D9C4CC5426C2F32E00CC519F /* BottomViewItem */,
				D986AD8F26C19670002B85D2 /* Models */,
				D986AD9726C1B9A9002B85D2 /* ArticleCell */,
				D986AD8B26C19501002B85D2 /* Dashboard.storyboard */,
				D986AD8D26C1950E002B85D2 /* DashboardViewController.swift */,
				D9FA5E7F26C32805007D92E4 /* DashboardViewController+SearchBar.swift */,
				D986AD9C26C1BA0A002B85D2 /* DashboardViewController+TableView.swift */,
			);
			path = Dashboard;
			sourceTree = "<group>";
		};
		D986AD8F26C19670002B85D2 /* Models */ = {
			isa = PBXGroup;
			children = (
				D986AD9026C19680002B85D2 /* NewsModel.swift */,
			);
			path = Models;
			sourceTree = "<group>";
		};
		D986AD9226C19B27002B85D2 /* Utils */ = {
			isa = PBXGroup;
			children = (
				D986AD9326C19B33002B85D2 /* RequestConstants.swift */,
				D9FA5E8126C32B77007D92E4 /* Network.swift */,
				D95164F026C4660A006687C9 /* Configuration.swift */,
				D96A4A0026C4ABD600B4DCB7 /* String+Localized.swift */,
			);
			path = Utils;
			sourceTree = "<group>";
		};
		D986AD9726C1B9A9002B85D2 /* ArticleCell */ = {
			isa = PBXGroup;
			children = (
				D986AD9826C1B9BF002B85D2 /* ArticleCell.xib */,
				D986AD9A26C1B9C5002B85D2 /* ArticleCell.swift */,
				D9C4CC5226C2B97100CC519F /* ArticleCellDelegate.swift */,
			);
			path = ArticleCell;
			sourceTree = "<group>";
		};
		D986ADAE26C1EC22002B85D2 /* Extensions */ = {
			isa = PBXGroup;
			children = (
				D986ADAF26C1EC38002B85D2 /* UserDefaults+Preferences.swift */,
				D9FA5E8326C32BCA007D92E4 /* UIViewController+hideKeyboardWhenTappedAround.swift */,
				D9FA5E8526C34B76007D92E4 /* Date+DifferenceFormat.swift */,
			);
			path = Extensions;
			sourceTree = "<group>";
		};
		D986ADB226C1F73A002B85D2 /* Categroy */ = {
			isa = PBXGroup;
			children = (
				D986ADB326C1F747002B85D2 /* CategoryView.swift */,
				D986ADB526C1F74C002B85D2 /* CategoryView.xib */,
				D986ADB726C1F9AE002B85D2 /* CategoryViewDelegate.swift */,
			);
			path = Categroy;
			sourceTree = "<group>";
		};
		D9C4CC5426C2F32E00CC519F /* BottomViewItem */ = {
			isa = PBXGroup;
			children = (
				D9C4CC5526C2F33B00CC519F /* BottomItemView.swift */,
				D9C4CC5726C2F34200CC519F /* BottomItemView.xib */,
			);
			path = BottomViewItem;
			sourceTree = "<group>";
		};
		D9FA5E7726C318BA007D92E4 /* DashboardMode */ = {
			isa = PBXGroup;
			children = (
				D9FA5E7826C318D0007D92E4 /* DashboardMode.swift */,
			);
			path = DashboardMode;
			sourceTree = "<group>";
		};
/* End PBXGroup section */

/* Begin PBXNativeTarget section */
		D986AD5526C15C50002B85D2 /* NewsApp */ = {
			isa = PBXNativeTarget;
			buildConfigurationList = D986AD8026C15C52002B85D2 /* Build configuration list for PBXNativeTarget "NewsApp" */;
			buildPhases = (
				D986AD5226C15C50002B85D2 /* Sources */,
				D986AD5326C15C50002B85D2 /* Frameworks */,
				D986AD5426C15C50002B85D2 /* Resources */,
			);
			buildRules = (
			);
			dependencies = (
			);
			name = NewsApp;
			productName = NewsApp;
			productReference = D986AD5626C15C50002B85D2 /* NewsApp.app */;
			productType = "com.apple.product-type.application";
		};
		D986AD6B26C15C52002B85D2 /* NewsAppTests */ = {
			isa = PBXNativeTarget;
			buildConfigurationList = D986AD8326C15C52002B85D2 /* Build configuration list for PBXNativeTarget "NewsAppTests" */;
			buildPhases = (
				D986AD6826C15C52002B85D2 /* Sources */,
				D986AD6926C15C52002B85D2 /* Frameworks */,
				D986AD6A26C15C52002B85D2 /* Resources */,
			);
			buildRules = (
			);
			dependencies = (
				D986AD6E26C15C52002B85D2 /* PBXTargetDependency */,
			);
			name = NewsAppTests;
			productName = NewsAppTests;
			productReference = D986AD6C26C15C52002B85D2 /* NewsAppTests.xctest */;
			productType = "com.apple.product-type.bundle.unit-test";
		};
		D986AD7626C15C52002B85D2 /* NewsAppUITests */ = {
			isa = PBXNativeTarget;
			buildConfigurationList = D986AD8626C15C52002B85D2 /* Build configuration list for PBXNativeTarget "NewsAppUITests" */;
			buildPhases = (
				D986AD7326C15C52002B85D2 /* Sources */,
				D986AD7426C15C52002B85D2 /* Frameworks */,
				D986AD7526C15C52002B85D2 /* Resources */,
			);
			buildRules = (
			);
			dependencies = (
				D986AD7926C15C52002B85D2 /* PBXTargetDependency */,
			);
			name = NewsAppUITests;
			productName = NewsAppUITests;
			productReference = D986AD7726C15C52002B85D2 /* NewsAppUITests.xctest */;
			productType = "com.apple.product-type.bundle.ui-testing";
		};
/* End PBXNativeTarget section */

/* Begin PBXProject section */
		D986AD4E26C15C50002B85D2 /* Project object */ = {
			isa = PBXProject;
			attributes = {
				LastSwiftUpdateCheck = 1250;
				LastUpgradeCheck = 1250;
				TargetAttributes = {
					D986AD5526C15C50002B85D2 = {
						CreatedOnToolsVersion = 12.5.1;
					};
					D986AD6B26C15C52002B85D2 = {
						CreatedOnToolsVersion = 12.5.1;
						TestTargetID = D986AD5526C15C50002B85D2;
					};
					D986AD7626C15C52002B85D2 = {
						CreatedOnToolsVersion = 12.5.1;
						TestTargetID = D986AD5526C15C50002B85D2;
					};
				};
			};
			buildConfigurationList = D986AD5126C15C50002B85D2 /* Build configuration list for PBXProject "NewsApp" */;
			compatibilityVersion = "Xcode 9.3";
			developmentRegion = en;
			hasScannedForEncodings = 0;
			knownRegions = (
				en,
				Base,
				ar,
			);
			mainGroup = D986AD4D26C15C50002B85D2;
			productRefGroup = D986AD5726C15C50002B85D2 /* Products */;
			projectDirPath = "";
			projectRoot = "";
			targets = (
				D986AD5526C15C50002B85D2 /* NewsApp */,
				D986AD6B26C15C52002B85D2 /* NewsAppTests */,
				D986AD7626C15C52002B85D2 /* NewsAppUITests */,
			);
		};
/* End PBXProject section */

/* Begin PBXResourcesBuildPhase section */
		D986AD5426C15C50002B85D2 /* Resources */ = {
			isa = PBXResourcesBuildPhase;
			buildActionMask = 2147483647;
			files = (
				D986AD6626C15C51002B85D2 /* LaunchScreen.storyboard in Resources */,
				D986AD6326C15C51002B85D2 /* Assets.xcassets in Resources */,
				D9C4CC5826C2F34200CC519F /* BottomItemView.xib in Resources */,
				D986ADB626C1F74C002B85D2 /* CategoryView.xib in Resources */,
				D9FA5E7E26C323CE007D92E4 /* LocalResponse.json in Resources */,
				D986AD8C26C19501002B85D2 /* Dashboard.storyboard in Resources */,
				D96A4A0626C4AE0600B4DCB7 /* Localizable.strings in Resources */,
				D986ADA826C1E7C1002B85D2 /* Main.storyboard in Resources */,
				D986AD9926C1B9BF002B85D2 /* ArticleCell.xib in Resources */,
				D986AD6126C15C50002B85D2 /* Onboarding.storyboard in Resources */,
			);
			runOnlyForDeploymentPostprocessing = 0;
		};
		D986AD6A26C15C52002B85D2 /* Resources */ = {
			isa = PBXResourcesBuildPhase;
			buildActionMask = 2147483647;
			files = (
			);
			runOnlyForDeploymentPostprocessing = 0;
		};
		D986AD7526C15C52002B85D2 /* Resources */ = {
			isa = PBXResourcesBuildPhase;
			buildActionMask = 2147483647;
			files = (
			);
			runOnlyForDeploymentPostprocessing = 0;
		};
/* End PBXResourcesBuildPhase section */

/* Begin PBXSourcesBuildPhase section */
		D986AD5226C15C50002B85D2 /* Sources */ = {
			isa = PBXSourcesBuildPhase;
			buildActionMask = 2147483647;
			files = (
				D986AD5E26C15C50002B85D2 /* OnboardingViewController.swift in Sources */,
				D986AD5A26C15C50002B85D2 /* AppDelegate.swift in Sources */,
				D986AD5C26C15C50002B85D2 /* SceneDelegate.swift in Sources */,
				D986ADB026C1EC38002B85D2 /* UserDefaults+Preferences.swift in Sources */,
				D986AD9D26C1BA0A002B85D2 /* DashboardViewController+TableView.swift in Sources */,
				D986AD8E26C1950E002B85D2 /* DashboardViewController.swift in Sources */,
				D9C4CC5626C2F33B00CC519F /* BottomItemView.swift in Sources */,
				D986AD9B26C1B9C5002B85D2 /* ArticleCell.swift in Sources */,
				D986ADAA26C1E7D9002B85D2 /* MainViewController.swift in Sources */,
				D95164F126C4660A006687C9 /* Configuration.swift in Sources */,
				D9FA5E8026C32805007D92E4 /* DashboardViewController+SearchBar.swift in Sources */,
				D986AD9126C19680002B85D2 /* NewsModel.swift in Sources */,
				D9C4CC5326C2B97100CC519F /* ArticleCellDelegate.swift in Sources */,
				D986ADB826C1F9AE002B85D2 /* CategoryViewDelegate.swift in Sources */,
				D9FA5E8426C32BCA007D92E4 /* UIViewController+hideKeyboardWhenTappedAround.swift in Sources */,
				D986AD9426C19B33002B85D2 /* RequestConstants.swift in Sources */,
				D9FA5E8626C34B76007D92E4 /* Date+DifferenceFormat.swift in Sources */,
				D9FA5E8226C32B77007D92E4 /* Network.swift in Sources */,
				D986ADBA26C1FB58002B85D2 /* OnboardingViewController+CountryTextField.swift in Sources */,
				D986ADB426C1F747002B85D2 /* CategoryView.swift in Sources */,
				D96A4A0126C4ABD600B4DCB7 /* String+Localized.swift in Sources */,
				D9FA5E7926C318D0007D92E4 /* DashboardMode.swift in Sources */,
			);
			runOnlyForDeploymentPostprocessing = 0;
		};
		D986AD6826C15C52002B85D2 /* Sources */ = {
			isa = PBXSourcesBuildPhase;
			buildActionMask = 2147483647;
			files = (
				D986AD7126C15C52002B85D2 /* OnboardingTests.swift in Sources */,
			);
			runOnlyForDeploymentPostprocessing = 0;
		};
		D986AD7326C15C52002B85D2 /* Sources */ = {
			isa = PBXSourcesBuildPhase;
			buildActionMask = 2147483647;
			files = (
				D986AD7C26C15C52002B85D2 /* NewsAppUITests.swift in Sources */,
			);
			runOnlyForDeploymentPostprocessing = 0;
		};
/* End PBXSourcesBuildPhase section */

/* Begin PBXTargetDependency section */
		D986AD6E26C15C52002B85D2 /* PBXTargetDependency */ = {
			isa = PBXTargetDependency;
			target = D986AD5526C15C50002B85D2 /* NewsApp */;
			targetProxy = D986AD6D26C15C52002B85D2 /* PBXContainerItemProxy */;
		};
		D986AD7926C15C52002B85D2 /* PBXTargetDependency */ = {
			isa = PBXTargetDependency;
			target = D986AD5526C15C50002B85D2 /* NewsApp */;
			targetProxy = D986AD7826C15C52002B85D2 /* PBXContainerItemProxy */;
		};
/* End PBXTargetDependency section */

/* Begin PBXVariantGroup section */
		D96A4A0826C4AE0600B4DCB7 /* Localizable.strings */ = {
			isa = PBXVariantGroup;
			children = (
				D96A4A0726C4AE0600B4DCB7 /* en */,
				D96A4A0926C4AE0B00B4DCB7 /* ar */,
			);
			name = Localizable.strings;
			sourceTree = "<group>";
		};
		D986AD5F26C15C50002B85D2 /* Onboarding.storyboard */ = {
			isa = PBXVariantGroup;
			children = (
				D986AD6026C15C50002B85D2 /* Base */,
				D96A49FD26C4A93700B4DCB7 /* ar */,
			);
			name = Onboarding.storyboard;
			sourceTree = "<group>";
		};
		D986AD6426C15C51002B85D2 /* LaunchScreen.storyboard */ = {
			isa = PBXVariantGroup;
			children = (
				D986AD6526C15C51002B85D2 /* Base */,
				D96A49FE26C4A96500B4DCB7 /* ar */,
			);
			name = LaunchScreen.storyboard;
			sourceTree = "<group>";
		};
/* End PBXVariantGroup section */

/* Begin XCBuildConfiguration section */
		D986AD7E26C15C52002B85D2 /* Debug */ = {
			isa = XCBuildConfiguration;
			buildSettings = {
				ALWAYS_SEARCH_USER_PATHS = NO;
				CLANG_ANALYZER_LOCALIZABILITY_NONLOCALIZED = YES;
				CLANG_ANALYZER_NONNULL = YES;
				CLANG_ANALYZER_NUMBER_OBJECT_CONVERSION = YES_AGGRESSIVE;
				CLANG_CXX_LANGUAGE_STANDARD = "gnu++14";
				CLANG_CXX_LIBRARY = "libc++";
				CLANG_ENABLE_MODULES = YES;
				CLANG_ENABLE_OBJC_ARC = YES;
				CLANG_ENABLE_OBJC_WEAK = YES;
				CLANG_WARN_BLOCK_CAPTURE_AUTORELEASING = YES;
				CLANG_WARN_BOOL_CONVERSION = YES;
				CLANG_WARN_COMMA = YES;
				CLANG_WARN_CONSTANT_CONVERSION = YES;
				CLANG_WARN_DEPRECATED_OBJC_IMPLEMENTATIONS = YES;
				CLANG_WARN_DIRECT_OBJC_ISA_USAGE = YES_ERROR;
				CLANG_WARN_DOCUMENTATION_COMMENTS = YES;
				CLANG_WARN_EMPTY_BODY = YES;
				CLANG_WARN_ENUM_CONVERSION = YES;
				CLANG_WARN_INFINITE_RECURSION = YES;
				CLANG_WARN_INT_CONVERSION = YES;
				CLANG_WARN_NON_LITERAL_NULL_CONVERSION = YES;
				CLANG_WARN_OBJC_IMPLICIT_RETAIN_SELF = YES;
				CLANG_WARN_OBJC_LITERAL_CONVERSION = YES;
				CLANG_WARN_OBJC_ROOT_CLASS = YES_ERROR;
				CLANG_WARN_QUOTED_INCLUDE_IN_FRAMEWORK_HEADER = YES;
				CLANG_WARN_RANGE_LOOP_ANALYSIS = YES;
				CLANG_WARN_STRICT_PROTOTYPES = YES;
				CLANG_WARN_SUSPICIOUS_MOVE = YES;
				CLANG_WARN_UNGUARDED_AVAILABILITY = YES_AGGRESSIVE;
				CLANG_WARN_UNREACHABLE_CODE = YES;
				CLANG_WARN__DUPLICATE_METHOD_MATCH = YES;
				COPY_PHASE_STRIP = NO;
				DEBUG_INFORMATION_FORMAT = dwarf;
				ENABLE_STRICT_OBJC_MSGSEND = YES;
				ENABLE_TESTABILITY = YES;
				GCC_C_LANGUAGE_STANDARD = gnu11;
				GCC_DYNAMIC_NO_PIC = NO;
				GCC_NO_COMMON_BLOCKS = YES;
				GCC_OPTIMIZATION_LEVEL = 0;
				GCC_PREPROCESSOR_DEFINITIONS = (
					"DEBUG=1",
					"$(inherited)",
				);
				GCC_WARN_64_TO_32_BIT_CONVERSION = YES;
				GCC_WARN_ABOUT_RETURN_TYPE = YES_ERROR;
				GCC_WARN_UNDECLARED_SELECTOR = YES;
				GCC_WARN_UNINITIALIZED_AUTOS = YES_AGGRESSIVE;
				GCC_WARN_UNUSED_FUNCTION = YES;
				GCC_WARN_UNUSED_VARIABLE = YES;
				IPHONEOS_DEPLOYMENT_TARGET = 14.5;
				MTL_ENABLE_DEBUG_INFO = INCLUDE_SOURCE;
				MTL_FAST_MATH = YES;
				ONLY_ACTIVE_ARCH = YES;
				SDKROOT = iphoneos;
				SWIFT_ACTIVE_COMPILATION_CONDITIONS = DEBUG;
				SWIFT_OPTIMIZATION_LEVEL = "-Onone";
			};
			name = Debug;
		};
		D986AD7F26C15C52002B85D2 /* Release */ = {
			isa = XCBuildConfiguration;
			buildSettings = {
				ALWAYS_SEARCH_USER_PATHS = NO;
				CLANG_ANALYZER_LOCALIZABILITY_NONLOCALIZED = YES;
				CLANG_ANALYZER_NONNULL = YES;
				CLANG_ANALYZER_NUMBER_OBJECT_CONVERSION = YES_AGGRESSIVE;
				CLANG_CXX_LANGUAGE_STANDARD = "gnu++14";
				CLANG_CXX_LIBRARY = "libc++";
				CLANG_ENABLE_MODULES = YES;
				CLANG_ENABLE_OBJC_ARC = YES;
				CLANG_ENABLE_OBJC_WEAK = YES;
				CLANG_WARN_BLOCK_CAPTURE_AUTORELEASING = YES;
				CLANG_WARN_BOOL_CONVERSION = YES;
				CLANG_WARN_COMMA = YES;
				CLANG_WARN_CONSTANT_CONVERSION = YES;
				CLANG_WARN_DEPRECATED_OBJC_IMPLEMENTATIONS = YES;
				CLANG_WARN_DIRECT_OBJC_ISA_USAGE = YES_ERROR;
				CLANG_WARN_DOCUMENTATION_COMMENTS = YES;
				CLANG_WARN_EMPTY_BODY = YES;
				CLANG_WARN_ENUM_CONVERSION = YES;
				CLANG_WARN_INFINITE_RECURSION = YES;
				CLANG_WARN_INT_CONVERSION = YES;
				CLANG_WARN_NON_LITERAL_NULL_CONVERSION = YES;
				CLANG_WARN_OBJC_IMPLICIT_RETAIN_SELF = YES;
				CLANG_WARN_OBJC_LITERAL_CONVERSION = YES;
				CLANG_WARN_OBJC_ROOT_CLASS = YES_ERROR;
				CLANG_WARN_QUOTED_INCLUDE_IN_FRAMEWORK_HEADER = YES;
				CLANG_WARN_RANGE_LOOP_ANALYSIS = YES;
				CLANG_WARN_STRICT_PROTOTYPES = YES;
				CLANG_WARN_SUSPICIOUS_MOVE = YES;
				CLANG_WARN_UNGUARDED_AVAILABILITY = YES_AGGRESSIVE;
				CLANG_WARN_UNREACHABLE_CODE = YES;
				CLANG_WARN__DUPLICATE_METHOD_MATCH = YES;
				COPY_PHASE_STRIP = NO;
				DEBUG_INFORMATION_FORMAT = "dwarf-with-dsym";
				ENABLE_NS_ASSERTIONS = NO;
				ENABLE_STRICT_OBJC_MSGSEND = YES;
				GCC_C_LANGUAGE_STANDARD = gnu11;
				GCC_NO_COMMON_BLOCKS = YES;
				GCC_WARN_64_TO_32_BIT_CONVERSION = YES;
				GCC_WARN_ABOUT_RETURN_TYPE = YES_ERROR;
				GCC_WARN_UNDECLARED_SELECTOR = YES;
				GCC_WARN_UNINITIALIZED_AUTOS = YES_AGGRESSIVE;
				GCC_WARN_UNUSED_FUNCTION = YES;
				GCC_WARN_UNUSED_VARIABLE = YES;
				IPHONEOS_DEPLOYMENT_TARGET = 14.5;
				MTL_ENABLE_DEBUG_INFO = NO;
				MTL_FAST_MATH = YES;
				SDKROOT = iphoneos;
				SWIFT_COMPILATION_MODE = wholemodule;
				SWIFT_OPTIMIZATION_LEVEL = "-O";
				VALIDATE_PRODUCT = YES;
			};
			name = Release;
		};
		D986AD8126C15C52002B85D2 /* Debug */ = {
			isa = XCBuildConfiguration;
			buildSettings = {
				ASSETCATALOG_COMPILER_APPICON_NAME = AppIcon;
				ASSETCATALOG_COMPILER_GLOBAL_ACCENT_COLOR_NAME = AccentColor;
				CODE_SIGN_IDENTITY = "Apple Development";
				CODE_SIGN_STYLE = Automatic;
				DEVELOPMENT_TEAM = 4P66433BRV;
				INFOPLIST_FILE = NewsApp/Info.plist;
				IPHONEOS_DEPLOYMENT_TARGET = 13.0;
				LD_RUNPATH_SEARCH_PATHS = (
					"$(inherited)",
					"@executable_path/Frameworks",
				);
				PRODUCT_BUNDLE_IDENTIFIER = com.MohamedAENasser.NewsApp;
				PRODUCT_NAME = "$(TARGET_NAME)";
				PROVISIONING_PROFILE_SPECIFIER = "";
				SWIFT_VERSION = 5.0;
				TARGETED_DEVICE_FAMILY = "1,2";
			};
			name = Debug;
		};
		D986AD8226C15C52002B85D2 /* Release */ = {
			isa = XCBuildConfiguration;
			buildSettings = {
				ASSETCATALOG_COMPILER_APPICON_NAME = AppIcon;
				ASSETCATALOG_COMPILER_GLOBAL_ACCENT_COLOR_NAME = AccentColor;
				CODE_SIGN_IDENTITY = "Apple Development";
				CODE_SIGN_STYLE = Automatic;
				DEVELOPMENT_TEAM = 4P66433BRV;
				INFOPLIST_FILE = NewsApp/Info.plist;
				IPHONEOS_DEPLOYMENT_TARGET = 13.0;
				LD_RUNPATH_SEARCH_PATHS = (
					"$(inherited)",
					"@executable_path/Frameworks",
				);
				PRODUCT_BUNDLE_IDENTIFIER = com.MohamedAENasser.NewsApp;
				PRODUCT_NAME = "$(TARGET_NAME)";
				PROVISIONING_PROFILE_SPECIFIER = "";
				SWIFT_VERSION = 5.0;
				TARGETED_DEVICE_FAMILY = "1,2";
			};
			name = Release;
		};
		D986AD8426C15C52002B85D2 /* Debug */ = {
			isa = XCBuildConfiguration;
			buildSettings = {
				ALWAYS_EMBED_SWIFT_STANDARD_LIBRARIES = YES;
				BUNDLE_LOADER = "$(TEST_HOST)";
				CODE_SIGN_STYLE = Automatic;
				DEVELOPMENT_TEAM = 4P66433BRV;
				INFOPLIST_FILE = NewsAppTests/Info.plist;
				IPHONEOS_DEPLOYMENT_TARGET = 14.5;
				LD_RUNPATH_SEARCH_PATHS = (
					"$(inherited)",
					"@executable_path/Frameworks",
					"@loader_path/Frameworks",
				);
				PRODUCT_BUNDLE_IDENTIFIER = com.MohamedAENasser.NewsAppTests;
				PRODUCT_NAME = "$(TARGET_NAME)";
				SWIFT_VERSION = 5.0;
				TARGETED_DEVICE_FAMILY = "1,2";
				TEST_HOST = "$(BUILT_PRODUCTS_DIR)/NewsApp.app/NewsApp";
			};
			name = Debug;
		};
		D986AD8526C15C52002B85D2 /* Release */ = {
			isa = XCBuildConfiguration;
			buildSettings = {
				ALWAYS_EMBED_SWIFT_STANDARD_LIBRARIES = YES;
				BUNDLE_LOADER = "$(TEST_HOST)";
				CODE_SIGN_STYLE = Automatic;
				DEVELOPMENT_TEAM = 4P66433BRV;
				INFOPLIST_FILE = NewsAppTests/Info.plist;
				IPHONEOS_DEPLOYMENT_TARGET = 14.5;
				LD_RUNPATH_SEARCH_PATHS = (
					"$(inherited)",
					"@executable_path/Frameworks",
					"@loader_path/Frameworks",
				);
				PRODUCT_BUNDLE_IDENTIFIER = com.MohamedAENasser.NewsAppTests;
				PRODUCT_NAME = "$(TARGET_NAME)";
				SWIFT_VERSION = 5.0;
				TARGETED_DEVICE_FAMILY = "1,2";
				TEST_HOST = "$(BUILT_PRODUCTS_DIR)/NewsApp.app/NewsApp";
			};
			name = Release;
		};
		D986AD8726C15C52002B85D2 /* Debug */ = {
			isa = XCBuildConfiguration;
			buildSettings = {
				ALWAYS_EMBED_SWIFT_STANDARD_LIBRARIES = YES;
				CODE_SIGN_STYLE = Automatic;
				DEVELOPMENT_TEAM = 4P66433BRV;
				INFOPLIST_FILE = NewsAppUITests/Info.plist;
				LD_RUNPATH_SEARCH_PATHS = (
					"$(inherited)",
					"@executable_path/Frameworks",
					"@loader_path/Frameworks",
				);
				PRODUCT_BUNDLE_IDENTIFIER = com.MohamedAENasser.NewsAppUITests;
				PRODUCT_NAME = "$(TARGET_NAME)";
				SWIFT_VERSION = 5.0;
				TARGETED_DEVICE_FAMILY = "1,2";
				TEST_TARGET_NAME = NewsApp;
			};
			name = Debug;
		};
		D986AD8826C15C52002B85D2 /* Release */ = {
			isa = XCBuildConfiguration;
			buildSettings = {
				ALWAYS_EMBED_SWIFT_STANDARD_LIBRARIES = YES;
				CODE_SIGN_STYLE = Automatic;
				DEVELOPMENT_TEAM = 4P66433BRV;
				INFOPLIST_FILE = NewsAppUITests/Info.plist;
				LD_RUNPATH_SEARCH_PATHS = (
					"$(inherited)",
					"@executable_path/Frameworks",
					"@loader_path/Frameworks",
				);
				PRODUCT_BUNDLE_IDENTIFIER = com.MohamedAENasser.NewsAppUITests;
				PRODUCT_NAME = "$(TARGET_NAME)";
				SWIFT_VERSION = 5.0;
				TARGETED_DEVICE_FAMILY = "1,2";
				TEST_TARGET_NAME = NewsApp;
			};
			name = Release;
		};
/* End XCBuildConfiguration section */

/* Begin XCConfigurationList section */
		D986AD5126C15C50002B85D2 /* Build configuration list for PBXProject "NewsApp" */ = {
			isa = XCConfigurationList;
			buildConfigurations = (
				D986AD7E26C15C52002B85D2 /* Debug */,
				D986AD7F26C15C52002B85D2 /* Release */,
			);
			defaultConfigurationIsVisible = 0;
			defaultConfigurationName = Release;
		};
		D986AD8026C15C52002B85D2 /* Build configuration list for PBXNativeTarget "NewsApp" */ = {
			isa = XCConfigurationList;
			buildConfigurations = (
				D986AD8126C15C52002B85D2 /* Debug */,
				D986AD8226C15C52002B85D2 /* Release */,
			);
			defaultConfigurationIsVisible = 0;
			defaultConfigurationName = Release;
		};
		D986AD8326C15C52002B85D2 /* Build configuration list for PBXNativeTarget "NewsAppTests" */ = {
			isa = XCConfigurationList;
			buildConfigurations = (
				D986AD8426C15C52002B85D2 /* Debug */,
				D986AD8526C15C52002B85D2 /* Release */,
			);
			defaultConfigurationIsVisible = 0;
			defaultConfigurationName = Release;
		};
		D986AD8626C15C52002B85D2 /* Build configuration list for PBXNativeTarget "NewsAppUITests" */ = {
			isa = XCConfigurationList;
			buildConfigurations = (
				D986AD8726C15C52002B85D2 /* Debug */,
				D986AD8826C15C52002B85D2 /* Release */,
			);
			defaultConfigurationIsVisible = 0;
			defaultConfigurationName = Release;
		};
/* End XCConfigurationList section */
	};
	rootObject = D986AD4E26C15C50002B85D2 /* Project object */;
}
